<Solution>
  <Folder Name="/Itens de Solução/">
    <File Path="docker-compose.yml" />
  </Folder>
  <Folder Name="/Itens de Solução/techChallenger.Infra/" />
  <Folder Name="/Itens de Solução/techChallenger.Infra/k8s/">
    <File Path=".github/workflows/migration-job.yaml" />
    <File Path="techChallenger.Infra/k8s/configmap.yaml" />
    <File Path="techChallenger.Infra/k8s/deployment.yaml" />
    <File Path="techChallenger.Infra/k8s/hpa.yaml" />
    <File Path="techChallenger.Infra/k8s/namespace.yaml" />
    <File Path="techChallenger.Infra/k8s/secret.yaml" />
    <File Path="techChallenger.Infra/k8s/service.yaml" />
  </Folder>
  <Folder Name="/Itens de Solução/techChallenger.Infra/terraform/">
    <File Path="techChallenger.Infra/terraform/ecr.tf" />
    <File Path="techChallenger.Infra/terraform/eks.tf" />
    <File Path="techChallenger.Infra/terraform/iam.tf" />
    <File Path="techChallenger.Infra/terraform/outputs.tf" />
    <File Path="techChallenger.Infra/terraform/provider.tf" />
    <File Path="techChallenger.Infra/terraform/sqlserver.tf" />
    <File Path="techChallenger.Infra/terraform/terraform.tfstate" />
    <File Path="techChallenger.Infra/terraform/terraform.tfstate.backup" />
    <File Path="techChallenger.Infra/terraform/terraform.tfvars" />
    <File Path="techChallenger.Infra/terraform/variables.tf" />
    <File Path="techChallenger.Infra/terraform/vpc.tf" />
  </Folder>
  <Folder Name="/Itens de Solução/techChallenger.Infra/workflows/">
    <File Path=".github/workflows/cd.yml" />
    <File Path=".github/workflows/ci.yml" />
  </Folder>
  <Folder Name="/src/">
    <Project Path="src/API/API.csproj" />
    <Project Path="src/Application/Application.csproj" Id="d3e044ea-9a0d-4bf9-9304-a1157904cb5c" />
    <Project Path="src/Domain/Domain.csproj" Id="9a3abb68-fac5-415c-898e-285d42d01007" />
    <Project Path="src/Infra/Infra.csproj" Id="c1560a46-449f-4d01-8628-2f423d9b4074" />
    <Project Path="src/Shared/Shared.csproj" Id="ee821b86-bac4-4f96-b611-ead881575cd1" />
  </Folder>
  <Folder Name="/tests/" />
  <Folder Name="/tests/TestesUnitarios/">
    <Project Path="test/Domain.test/Domain.test.csproj" Id="e1d8550e-a215-4e19-8817-b1ae8d052ed1" />
    <Project Path="test/Application.test/Application.test.csproj" />
  </Folder>
  <Folder Name="/tests/TestesIntegracao/">
    <Project Path="test/API.test/API.test.csproj" />
  </Folder>
</Solution>
