{
  "version": 4,
  "terraform_version": "1.15.5",
  "serial": 28,
  "lineage": "0f9b48e4-d144-4914-664c-09ab7c9d9dc1",
  "outputs": {
    "cluster_endpoint": {
      "value": "https://D1513AED0C36542DCD84D66E9FC0FC72.gr7.us-east-1.eks.amazonaws.com",
      "type": "string"
    },
    "cluster_name": {
      "value": "techchallenge",
      "type": "string"
    },
    "database_endpoint": {
      "value": "techchallenge-sqlserver.ctwb99xc7935.us-east-1.rds.amazonaws.com:1433",
      "type": "string"
    },
    "database_username": {
      "value": "dbadmin",
      "type": "string",
      "sensitive": true
    }
  },
  "resources": [
    {
      "mode": "data",
      "type": "aws_availability_zones",
      "name": "available",
      "provider": "provider[\"registry.terraform.io/hashicorp/aws\"]",
      "instances": [
        {
          "schema_version": 0,
          "attributes": {
            "all_availability_zones": null,
            "exclude_names": null,
            "exclude_zone_ids": null,
            "filter": null,
            "group_names": [
              "us-east-1-zg-1"
            ],
            "id": "us-east-1",
            "names": [
              "us-east-1a",
              "us-east-1b",
              "us-east-1c",
              "us-east-1d",
              "us-east-1e",
              "us-east-1f"
            ],
            "state": "available",
            "timeouts": null,
            "zone_ids": [
              "use1-az2",
              "use1-az4",
              "use1-az6",
              "use1-az1",
              "use1-az3",
              "use1-az5"
            ]
          },
          "sensitive_attributes": [],
          "identity_schema_version": 0
        }
      ]
    },
    {
      "mode": "data",
      "type": "aws_iam_role",
      "name": "lab_role",
      "provider": "provider[\"registry.terraform.io/hashicorp/aws\"]",
      "instances": [
        {
          "schema_version": 0,
          "attributes": {
            "arn": "arn:aws:iam::051886849421:role/LabRole",
            "assume_role_policy": "{\"Version\":\"2012-10-17\",\"Statement\":[{\"Effect\":\"Allow\",\"Principal\":{\"AWS\":\"arn:aws:iam::051886849421:role/LabRole\",\"Service\":[\"logs.amazonaws.com\",\"glue.amazonaws.com\",\"eks.amazonaws.com\",\"ec2.amazonaws.com\",\"credentials.iot.amazonaws.com\",\"cloudtrail.amazonaws.com\",\"ecs-tasks.amazonaws.com\",\"sns.amazonaws.com\",\"iotanalytics.amazonaws.com\",\"cloud9.amazonaws.com\",\"secretsmanager.amazonaws.com\",\"athena.amazonaws.com\",\"lambda.amazonaws.com\",\"redshift.amazonaws.com\",\"rekognition.amazonaws.com\",\"elasticfilesystem.amazonaws.com\",\"cloudformation.amazonaws.com\",\"application-autoscaling.amazonaws.com\",\"ecs.amazonaws.com\",\"codewhisperer.amazonaws.com\",\"iot.amazonaws.com\",\"elasticloadbalancing.amazonaws.com\",\"sqs.amazonaws.com\",\"codedeploy.amazonaws.com\",\"ec2.application-autoscaling.amazonaws.com\",\"apigateway.amazonaws.com\",\"cognito-idp.amazonaws.com\",\"eks-fargate-pods.amazonaws.com\",\"deepracer.amazonaws.com\",\"kinesisanalytics.amazonaws.com\",\"states.amazonaws.com\",\"forecast.amazonaws.com\",\"batch.amazonaws.com\",\"sagemaker.amazonaws.com\",\"scheduler.amazonaws.com\",\"autoscaling.amazonaws.com\",\"rds.amazonaws.com\",\"resource-groups.amazonaws.com\",\"servicecatalog.amazonaws.com\",\"s3.amazonaws.com\",\"backup.amazonaws.com\",\"kms.amazonaws.com\",\"kinesis.amazonaws.com\",\"pipes.amazonaws.com\",\"databrew.amazonaws.com\",\"ssm.amazonaws.com\",\"elasticbeanstalk.amazonaws.com\",\"dynamodb.amazonaws.com\",\"elasticmapreduce.amazonaws.com\",\"iotevents.amazonaws.com\",\"events.amazonaws.com\",\"firehose.amazonaws.com\",\"codecommit.amazonaws.com\"]},\"Action\":\"sts:AssumeRole\"}]}",
            "create_date": "2026-07-04T01:44:32Z",
            "description": "",
            "id": "LabRole",
            "max_session_duration": 3600,
            "name": "LabRole",
            "path": "/",
            "permissions_boundary": "",
            "role_last_used": [
              {
                "last_used_date": "2026-07-04T17:14:18Z",
                "region": "us-east-1"
              }
            ],
            "tags": {
              "cloudlab": "c213429a5396203l15765845t1w051886849421"
            },
            "unique_id": "AROAQYFFSPWG4I4DN4FLB"
          },
          "sensitive_attributes": [],
          "identity_schema_version": 0
        }
      ]
    },
    {
      "mode": "managed",
      "type": "aws_db_instance",
      "name": "sqlserver",
      "provider": "provider[\"registry.terraform.io/hashicorp/aws\"]",
      "instances": [
        {
          "schema_version": 2,
          "attributes": {
            "address": "techchallenge-sqlserver.ctwb99xc7935.us-east-1.rds.amazonaws.com",
            "allocated_storage": 20,
            "allow_major_version_upgrade": null,
            "apply_immediately": false,
            "arn": "arn:aws:rds:us-east-1:051886849421:db:techchallenge-sqlserver",
            "auto_minor_version_upgrade": true,
            "availability_zone": "us-east-1a",
            "backup_retention_period": 7,
            "backup_target": "region",
            "backup_window": "03:51-04:21",
            "blue_green_update": [],
            "ca_cert_identifier": "rds-ca-rsa2048-g1",
            "character_set_name": "SQL_Latin1_General_CP1_CI_AS",
            "copy_tags_to_snapshot": false,
            "custom_iam_instance_profile": "",
            "customer_owned_ip_enabled": false,
            "database_insights_mode": "standard",
            "db_name": "",
            "db_subnet_group_name": "techchallenge-db-subnet-group-public",
            "dedicated_log_volume": false,
            "delete_automated_backups": true,
            "deletion_protection": false,
            "domain": "",
            "domain_auth_secret_arn": "",
            "domain_dns_ips": null,
            "domain_fqdn": "",
            "domain_iam_role_name": "",
            "domain_ou": "",
            "enabled_cloudwatch_logs_exports": null,
            "endpoint": "techchallenge-sqlserver.ctwb99xc7935.us-east-1.rds.amazonaws.com:1433",
            "engine": "sqlserver-ex",
            "engine_lifecycle_support": "",
            "engine_version": "15.00",
            "engine_version_actual": "15.00.4465.1.v1",
            "final_snapshot_identifier": null,
            "hosted_zone_id": "Z2R2ITUGPM61AM",
            "iam_database_authentication_enabled": false,
            "id": "db-RSQKWY4U76IWEL3QSDGKW5UXJU",
            "identifier": "techchallenge-sqlserver",
            "identifier_prefix": "",
            "instance_class": "db.t3.small",
            "iops": 3000,
            "kms_key_id": "",
            "latest_restorable_time": "2026-07-04T17:32:31Z",
            "license_model": "license-included",
            "listener_endpoint": [],
            "maintenance_window": "fri:04:42-fri:05:12",
            "manage_master_user_password": null,
            "master_user_secret": [],
            "master_user_secret_kms_key_id": null,
            "max_allocated_storage": 0,
            "monitoring_interval": 0,
            "monitoring_role_arn": "",
            "multi_az": false,
            "nchar_character_set_name": "",
            "network_type": "IPV4",
            "option_group_name": "default:sqlserver-ex-15-00",
            "parameter_group_name": "default.sqlserver-ex-15.0",
            "password": "SuaSenhaForte123!",
            "password_wo": null,
            "password_wo_version": null,
            "performance_insights_enabled": false,
            "performance_insights_kms_key_id": "",
            "performance_insights_retention_period": 0,
            "port": 1433,
            "publicly_accessible": true,
            "replica_mode": "",
            "replicas": [],
            "replicate_source_db": "",
            "resource_id": "db-RSQKWY4U76IWEL3QSDGKW5UXJU",
            "restore_to_point_in_time": [],
            "s3_import": [],
            "skip_final_snapshot": true,
            "snapshot_identifier": null,
            "status": "available",
            "storage_encrypted": false,
            "storage_throughput": 125,
            "storage_type": "gp3",
            "tags": {
              "Name": "techchallenge-sqlserver"
            },
            "tags_all": {
              "Name": "techchallenge-sqlserver"
            },
            "timeouts": null,
            "timezone": "",
            "upgrade_storage_config": null,
            "username": "dbadmin",
            "vpc_security_group_ids": [
              "sg-085c1b2fcbaa212e6"
            ]
          },
          "sensitive_attributes": [
            [
              {
                "type": "get_attr",
                "value": "password"
              }
            ],
            [
              {
                "type": "get_attr",
                "value": "password_wo"
              }
            ]
          ],
          "identity_schema_version": 0,
          "private": "eyJlMmJmYjczMC1lY2FhLTExZTYtOGY4OC0zNDM2M2JjN2M0YzAiOnsiY3JlYXRlIjozMDAwMDAwMDAwMDAwLCJkZWxldGUiOjM2MDAwMDAwMDAwMDAsInVwZGF0ZSI6NDgwMDAwMDAwMDAwMH0sInNjaGVtYV92ZXJzaW9uIjoiMiJ9",
          "dependencies": [
            "aws_db_subnet_group.sqlserver_public",
            "aws_security_group.eks_nodes",
            "aws_security_group.sqlserver",
            "aws_subnet.public",
            "aws_vpc.main",
            "data.aws_availability_zones.available"
          ]
        }
      ]
    },
    {
      "mode": "managed",
      "type": "aws_db_subnet_group",
      "name": "sqlserver",
      "provider": "provider[\"registry.terraform.io/hashicorp/aws\"]",
      "instances": [
        {
          "schema_version": 0,
          "attributes": {
            "arn": "arn:aws:rds:us-east-1:051886849421:subgrp:techchallenge-db-subnet-group",
            "description": "Managed by Terraform",
            "id": "techchallenge-db-subnet-group",
            "name": "techchallenge-db-subnet-group",
            "name_prefix": "",
            "subnet_ids": [
              "subnet-082d049515a03167c",
              "subnet-084dd0a0b9a9894c8"
            ],
            "supported_network_types": [
              "IPV4"
            ],
            "tags": {
              "Name": "techchallenge-db-subnet-group"
            },
            "tags_all": {
              "Name": "techchallenge-db-subnet-group"
            },
            "vpc_id": "vpc-0ea318b155d1f98ea"
          },
          "sensitive_attributes": [],
          "identity_schema_version": 0,
          "private": "bnVsbA==",
          "dependencies": [
            "aws_subnet.private",
            "aws_vpc.main",
            "data.aws_availability_zones.available"
          ]
        }
      ]
    },
    {
      "mode": "managed",
      "type": "aws_db_subnet_group",
      "name": "sqlserver_public",
      "provider": "provider[\"registry.terraform.io/hashicorp/aws\"]",
      "instances": [
        {
          "schema_version": 0,
          "attributes": {
            "arn": "arn:aws:rds:us-east-1:051886849421:subgrp:techchallenge-db-subnet-group-public",
            "description": "Managed by Terraform",
            "id": "techchallenge-db-subnet-group-public",
            "name": "techchallenge-db-subnet-group-public",
            "name_prefix": "",
            "subnet_ids": [
              "subnet-01cc72d7695f3f4df",
              "subnet-030af5445c7699a41"
            ],
            "supported_network_types": [
              "IPV4"
            ],
            "tags": {
              "Name": "techchallenge-db-subnet-group-public"
            },
            "tags_all": {
              "Name": "techchallenge-db-subnet-group-public"
            },
            "vpc_id": "vpc-0ea318b155d1f98ea"
          },
          "sensitive_attributes": [],
          "identity_schema_version": 0,
          "private": "bnVsbA==",
          "dependencies": [
            "aws_subnet.public",
            "aws_vpc.main",
            "data.aws_availability_zones.available"
          ]
        }
      ]
    },
    {
      "mode": "managed",
      "type": "aws_eks_cluster",
      "name": "cluster",
      "provider": "provider[\"registry.terraform.io/hashicorp/aws\"]",
      "instances": [
        {
          "schema_version": 1,
          "attributes": {
            "access_config": [
              {
                "authentication_mode": "CONFIG_MAP",
                "bootstrap_cluster_creator_admin_permissions": true
              }
            ],
            "arn": "arn:aws:eks:us-east-1:051886849421:cluster/techchallenge",
            "bootstrap_self_managed_addons": true,
            "certificate_authority": [
              {
                "data": "LS0tLS1CRUdJTiBDRVJUSUZJQ0FURS0tLS0tCk1JSURCVENDQWUyZ0F3SUJBZ0lJTG12K1RvZ1p6dkF3RFFZSktvWklodmNOQVFFTEJRQXdGVEVUTUJFR0ExVUUKQXhNS2EzVmlaWEp1WlhSbGN6QWVGdzB5TmpBM01EUXhOakUxTlRkYUZ3MHpOakEzTURFeE5qSXdOVGRhTUJVeApFekFSQmdOVkJBTVRDbXQxWW1WeWJtVjBaWE13Z2dFaU1BMEdDU3FHU0liM0RRRUJBUVVBQTRJQkR3QXdnZ0VLCkFvSUJBUURRK1dTelNwWUhVekd1Q3NNLzF5TnhvYWM5cWtCaWRtd1RtNW13QklaNlNXMVgwY1VoQXJpR1hnVjEKVFZGaC9Oa3ZVN2Q1NzV2T284MlVERTlJc3ZoRkFycXdiSmowS2h3STlibDB1eWZBQkRpdE1rMnQ0UG0waXJ4RwphYkFocHJCNW1YMzhEOGo0elorVzA4anZ2R3dQckljZTZMbXgxMnpPaUpmY2hsKzdSazFkK21OSkxlQVdGa0pnCkZwMkpPZ3RrZWY3aTZhZUVoTW1uMTNQMTJmMWRkZzJNZzNQQmllSHZWN2JzcUZtWlIyTmhob3JsTWNuL2ZHVisKbnhZWU5JblhUdzdBMGVnRGE0dXo3enBYT2FveUpNRUIrRnFuTENvSTcyYVBaUWxzWDZLTWk2UXhwWXlrZkZGTwpHc3NRWUtkUWxiS3RqZmxiMG5ybXdPdG41TFVKQWdNQkFBR2pXVEJYTUE0R0ExVWREd0VCL3dRRUF3SUNwREFQCkJnTlZIUk1CQWY4RUJUQURBUUgvTUIwR0ExVWREZ1FXQkJTTHNPQTlhTWRtNXdhNG5xeW1VdEliMGJmazJqQVYKQmdOVkhSRUVEakFNZ2dwcmRXSmxjbTVsZEdWek1BMEdDU3FHU0liM0RRRUJDd1VBQTRJQkFRQWEzM1h2QUZtRgpzaXZZb3VCaWJjNVVTNkdNTW8rZytnaDRJYUQwdEhKb0pFY2l0SVpHOWtua1Z2djkvZ0IvanNRRXp0disxU29SCmJ5NlVOSVlRRmE5NFFtUUdWR2IyNFl2YTNMOFgxdTUxVWorQVFXRkhsNXBuNmNqUTdnQUN1eWNiK3YrbnFleEsKaTRnYzJMRHAvNkhPZVpLZk9HWURydklVNzJDS2VNWjhyRTYvak5kV3pFL3lQRmFHcEdOeWZJRDIzdlBSQ285WgpJVTVsclFNaVJGeHhzNkM5anVJUzloUTN2cVp4VEpna2lKWVFYU25Db3NvTTBTWjlncCthenVJNzJaK0ErOW5ECk9aMHkwVnMyTnhlTzE2UHA2L0NmWkNaamJWaGRIdFFtd3F0R3R5NDN3cG5UMGhMRm9QMXFiK3JXUzE0azBkWEUKZ05Wd01WOGlFYjFQCi0tLS0tRU5EIENFUlRJRklDQVRFLS0tLS0K"
              }
            ],
            "cluster_id": null,
            "compute_config": [],
            "created_at": "2026-07-04T16:15:09Z",
            "enabled_cluster_log_types": [],
            "encryption_config": [],
            "endpoint": "https://D1513AED0C36542DCD84D66E9FC0FC72.gr7.us-east-1.eks.amazonaws.com",
            "force_update_version": null,
            "id": "techchallenge",
            "identity": [
              {
                "oidc": [
                  {
                    "issuer": "https://oidc.eks.us-east-1.amazonaws.com/id/D1513AED0C36542DCD84D66E9FC0FC72"
                  }
                ]
              }
            ],
            "kubernetes_network_config": [
              {
                "elastic_load_balancing": [
                  {
                    "enabled": false
                  }
                ],
                "ip_family": "ipv4",
                "service_ipv4_cidr": "172.20.0.0/16",
                "service_ipv6_cidr": ""
              }
            ],
            "name": "techchallenge",
            "outpost_config": [],
            "platform_version": "eks.72",
            "remote_network_config": [],
            "role_arn": "arn:aws:iam::051886849421:role/LabRole",
            "status": "ACTIVE",
            "storage_config": [],
            "tags": {
              "Name": "techchallenge"
            },
            "tags_all": {
              "Name": "techchallenge"
            },
            "timeouts": null,
            "upgrade_policy": [
              {
                "support_type": "EXTENDED"
              }
            ],
            "version": "1.30",
            "vpc_config": [
              {
                "cluster_security_group_id": "sg-0b1986f6a2bc30a41",
                "endpoint_private_access": false,
                "endpoint_public_access": true,
                "public_access_cidrs": [
                  "0.0.0.0/0"
                ],
                "security_group_ids": [
                  "sg-03b15ed347319c8f5"
                ],
                "subnet_ids": [
                  "subnet-01cc72d7695f3f4df",
                  "subnet-030af5445c7699a41"
                ],
                "vpc_id": "vpc-0ea318b155d1f98ea"
              }
            ],
            "zonal_shift_config": []
          },
          "sensitive_attributes": [],
          "identity_schema_version": 0,
          "private": "eyJlMmJmYjczMC1lY2FhLTExZTYtOGY4OC0zNDM2M2JjN2M0YzAiOnsiY3JlYXRlIjoxODAwMDAwMDAwMDAwLCJkZWxldGUiOjkwMDAwMDAwMDAwMCwidXBkYXRlIjozNjAwMDAwMDAwMDAwfSwic2NoZW1hX3ZlcnNpb24iOiIxIn0=",
          "dependencies": [
            "aws_security_group.eks_nodes",
            "aws_subnet.public",
            "aws_vpc.main",
            "data.aws_availability_zones.available",
            "data.aws_iam_role.lab_role"
          ]
        }
      ]
    },
    {
      "mode": "managed",
      "type": "aws_eks_node_group",
      "name": "nodes",
      "provider": "provider[\"registry.terraform.io/hashicorp/aws\"]",
      "instances": [
        {
          "schema_version": 0,
          "attributes": {
            "ami_type": "AL2023_x86_64_STANDARD",
            "arn": "arn:aws:eks:us-east-1:051886849421:nodegroup/techchallenge/techchallenge-nodes/76cf96f8-076e-952e-9acd-df963b066248",
            "capacity_type": "ON_DEMAND",
            "cluster_name": "techchallenge",
            "disk_size": 20,
            "force_update_version": null,
            "id": "techchallenge:techchallenge-nodes",
            "instance_types": [
              "t3.medium"
            ],
            "labels": {},
            "launch_template": [],
            "node_group_name": "techchallenge-nodes",
            "node_group_name_prefix": "",
            "node_repair_config": [],
            "node_role_arn": "arn:aws:iam::051886849421:role/LabRole",
            "release_version": "1.30.14-20260625",
            "remote_access": [],
            "resources": [
              {
                "autoscaling_groups": [
                  {
                    "name": "eks-techchallenge-nodes-76cf96f8-076e-952e-9acd-df963b066248"
                  }
                ],
                "remote_access_security_group_id": ""
              }
            ],
            "scaling_config": [
              {
                "desired_size": 2,
                "max_size": 2,
                "min_size": 1
              }
            ],
            "status": "ACTIVE",
            "subnet_ids": [
              "subnet-01cc72d7695f3f4df",
              "subnet-030af5445c7699a41"
            ],
            "tags": {
              "Name": "techchallenge-nodes"
            },
            "tags_all": {
              "Name": "techchallenge-nodes"
            },
            "taint": [],
            "timeouts": null,
            "update_config": [
              {
                "max_unavailable": 1,
                "max_unavailable_percentage": 0
              }
            ],
            "version": "1.30"
          },
          "sensitive_attributes": [],
          "identity_schema_version": 0,
          "private": "eyJlMmJmYjczMC1lY2FhLTExZTYtOGY4OC0zNDM2M2JjN2M0YzAiOnsiY3JlYXRlIjozNjAwMDAwMDAwMDAwLCJkZWxldGUiOjM2MDAwMDAwMDAwMDAsInVwZGF0ZSI6MzYwMDAwMDAwMDAwMH19",
          "dependencies": [
            "aws_eks_cluster.cluster",
            "aws_security_group.eks_nodes",
            "aws_subnet.public",
            "aws_vpc.main",
            "data.aws_availability_zones.available",
            "data.aws_iam_role.lab_role"
          ]
        }
      ]
    },
    {
      "mode": "managed",
      "type": "aws_internet_gateway",
      "name": "main",
      "provider": "provider[\"registry.terraform.io/hashicorp/aws\"]",
      "instances": [
        {
          "schema_version": 0,
          "attributes": {
            "arn": "arn:aws:ec2:us-east-1:051886849421:internet-gateway/igw-081f2da16ce99c909",
            "id": "igw-081f2da16ce99c909",
            "owner_id": "051886849421",
            "tags": {
              "Name": "techchallenge-igw"
            },
            "tags_all": {
              "Name": "techchallenge-igw"
            },
            "timeouts": null,
            "vpc_id": "vpc-0ea318b155d1f98ea"
          },
          "sensitive_attributes": [],
          "identity_schema_version": 0,
          "private": "eyJlMmJmYjczMC1lY2FhLTExZTYtOGY4OC0zNDM2M2JjN2M0YzAiOnsiY3JlYXRlIjoxMjAwMDAwMDAwMDAwLCJkZWxldGUiOjEyMDAwMDAwMDAwMDAsInVwZGF0ZSI6MTIwMDAwMDAwMDAwMH19",
          "dependencies": [
            "aws_vpc.main"
          ]
        }
      ]
    },
    {
      "mode": "managed",
      "type": "aws_route_table",
      "name": "public",
      "provider": "provider[\"registry.terraform.io/hashicorp/aws\"]",
      "instances": [
        {
          "schema_version": 0,
          "attributes": {
            "arn": "arn:aws:ec2:us-east-1:051886849421:route-table/rtb-0a9ee3296f0193afc",
            "id": "rtb-0a9ee3296f0193afc",
            "owner_id": "051886849421",
            "propagating_vgws": [],
            "route": [
              {
                "carrier_gateway_id": "",
                "cidr_block": "0.0.0.0/0",
                "core_network_arn": "",
                "destination_prefix_list_id": "",
                "egress_only_gateway_id": "",
                "gateway_id": "igw-081f2da16ce99c909",
                "ipv6_cidr_block": "",
                "local_gateway_id": "",
                "nat_gateway_id": "",
                "network_interface_id": "",
                "transit_gateway_id": "",
                "vpc_endpoint_id": "",
                "vpc_peering_connection_id": ""
              }
            ],
            "tags": {
              "Name": "techchallenge-public-rt"
            },
            "tags_all": {
              "Name": "techchallenge-public-rt"
            },
            "timeouts": null,
            "vpc_id": "vpc-0ea318b155d1f98ea"
          },
          "sensitive_attributes": [],
          "identity_schema_version": 0,
          "private": "eyJlMmJmYjczMC1lY2FhLTExZTYtOGY4OC0zNDM2M2JjN2M0YzAiOnsiY3JlYXRlIjozMDAwMDAwMDAwMDAsImRlbGV0ZSI6MzAwMDAwMDAwMDAwLCJ1cGRhdGUiOjEyMDAwMDAwMDAwMH19",
          "dependencies": [
            "aws_internet_gateway.main",
            "aws_vpc.main"
          ]
        }
      ]
    },
    {
      "mode": "managed",
      "type": "aws_route_table_association",
      "name": "public",
      "provider": "provider[\"registry.terraform.io/hashicorp/aws\"]",
      "instances": [
        {
          "index_key": 0,
          "schema_version": 0,
          "attributes": {
            "gateway_id": "",
            "id": "rtbassoc-03d9a2b2adefc4d3b",
            "route_table_id": "rtb-0a9ee3296f0193afc",
            "subnet_id": "subnet-030af5445c7699a41",
            "timeouts": null
          },
          "sensitive_attributes": [],
          "identity_schema_version": 0,
          "private": "eyJlMmJmYjczMC1lY2FhLTExZTYtOGY4OC0zNDM2M2JjN2M0YzAiOnsiY3JlYXRlIjozMDAwMDAwMDAwMDAsImRlbGV0ZSI6MzAwMDAwMDAwMDAwLCJ1cGRhdGUiOjEyMDAwMDAwMDAwMH19",
          "dependencies": [
            "aws_internet_gateway.main",
            "aws_route_table.public",
            "aws_subnet.public",
            "aws_vpc.main",
            "data.aws_availability_zones.available"
          ]
        },
        {
          "index_key": 1,
          "schema_version": 0,
          "attributes": {
            "gateway_id": "",
            "id": "rtbassoc-0f0d1cf2b0ca08f12",
            "route_table_id": "rtb-0a9ee3296f0193afc",
            "subnet_id": "subnet-01cc72d7695f3f4df",
            "timeouts": null
          },
          "sensitive_attributes": [],
          "identity_schema_version": 0,
          "private": "eyJlMmJmYjczMC1lY2FhLTExZTYtOGY4OC0zNDM2M2JjN2M0YzAiOnsiY3JlYXRlIjozMDAwMDAwMDAwMDAsImRlbGV0ZSI6MzAwMDAwMDAwMDAwLCJ1cGRhdGUiOjEyMDAwMDAwMDAwMH19",
          "dependencies": [
            "aws_internet_gateway.main",
            "aws_route_table.public",
            "aws_subnet.public",
            "aws_vpc.main",
            "data.aws_availability_zones.available"
          ]
        }
      ]
    },
    {
      "mode": "managed",
      "type": "aws_security_group",
      "name": "eks_nodes",
      "provider": "provider[\"registry.terraform.io/hashicorp/aws\"]",
      "instances": [
        {
          "schema_version": 1,
          "attributes": {
            "arn": "arn:aws:ec2:us-east-1:051886849421:security-group/sg-03b15ed347319c8f5",
            "description": "Managed by Terraform",
            "egress": [
              {
                "cidr_blocks": [
                  "0.0.0.0/0"
                ],
                "description": "",
                "from_port": 0,
                "ipv6_cidr_blocks": [],
                "prefix_list_ids": [],
                "protocol": "-1",
                "security_groups": [],
                "self": false,
                "to_port": 0
              }
            ],
            "id": "sg-03b15ed347319c8f5",
            "ingress": [],
            "name": "techchallenge-eks-nodes-20260704161451703900000001",
            "name_prefix": "techchallenge-eks-nodes-",
            "owner_id": "051886849421",
            "revoke_rules_on_delete": false,
            "tags": {
              "Name": "techchallenge-eks-nodes-sg"
            },
            "tags_all": {
              "Name": "techchallenge-eks-nodes-sg"
            },
            "timeouts": null,
            "vpc_id": "vpc-0ea318b155d1f98ea"
          },
          "sensitive_attributes": [],
          "identity_schema_version": 0,
          "private": "eyJlMmJmYjczMC1lY2FhLTExZTYtOGY4OC0zNDM2M2JjN2M0YzAiOnsiY3JlYXRlIjo2MDAwMDAwMDAwMDAsImRlbGV0ZSI6OTAwMDAwMDAwMDAwfSwic2NoZW1hX3ZlcnNpb24iOiIxIn0=",
          "dependencies": [
            "aws_vpc.main"
          ]
        }
      ]
    },
    {
      "mode": "managed",
      "type": "aws_security_group",
      "name": "sqlserver",
      "provider": "provider[\"registry.terraform.io/hashicorp/aws\"]",
      "instances": [
        {
          "schema_version": 1,
          "attributes": {
            "arn": "arn:aws:ec2:us-east-1:051886849421:security-group/sg-085c1b2fcbaa212e6",
            "description": "Managed by Terraform",
            "egress": [
              {
                "cidr_blocks": [
                  "0.0.0.0/0"
                ],
                "description": "",
                "from_port": 0,
                "ipv6_cidr_blocks": [],
                "prefix_list_ids": [],
                "protocol": "-1",
                "security_groups": [],
                "self": false,
                "to_port": 0
              }
            ],
            "id": "sg-085c1b2fcbaa212e6",
            "ingress": [
              {
                "cidr_blocks": [
                  "179.111.170.52/32"
                ],
                "description": "Acesso temporario via SSMS",
                "from_port": 1433,
                "ipv6_cidr_blocks": [],
                "prefix_list_ids": [],
                "protocol": "tcp",
                "security_groups": [],
                "self": false,
                "to_port": 1433
              },
              {
                "cidr_blocks": [],
                "description": "SQL Server access from EKS nodes",
                "from_port": 1433,
                "ipv6_cidr_blocks": [],
                "prefix_list_ids": [],
                "protocol": "tcp",
                "security_groups": [
                  "sg-03b15ed347319c8f5"
                ],
                "self": false,
                "to_port": 1433
              }
            ],
            "name": "techchallenge-sqlserver-20260704161455624400000003",
            "name_prefix": "techchallenge-sqlserver-",
            "owner_id": "051886849421",
            "revoke_rules_on_delete": false,
            "tags": {
              "Name": "techchallenge-sqlserver-sg"
            },
            "tags_all": {
              "Name": "techchallenge-sqlserver-sg"
            },
            "timeouts": null,
            "vpc_id": "vpc-0ea318b155d1f98ea"
          },
          "sensitive_attributes": [],
          "identity_schema_version": 0,
          "private": "eyJlMmJmYjczMC1lY2FhLTExZTYtOGY4OC0zNDM2M2JjN2M0YzAiOnsiY3JlYXRlIjo2MDAwMDAwMDAwMDAsImRlbGV0ZSI6OTAwMDAwMDAwMDAwfSwic2NoZW1hX3ZlcnNpb24iOiIxIn0=",
          "dependencies": [
            "aws_security_group.eks_nodes",
            "aws_vpc.main"
          ]
        }
      ]
    },
    {
      "mode": "managed",
      "type": "aws_subnet",
      "name": "private",
      "provider": "provider[\"registry.terraform.io/hashicorp/aws\"]",
      "instances": [
        {
          "index_key": 0,
          "schema_version": 1,
          "attributes": {
            "arn": "arn:aws:ec2:us-east-1:051886849421:subnet/subnet-082d049515a03167c",
            "assign_ipv6_address_on_creation": false,
            "availability_zone": "us-east-1a",
            "availability_zone_id": "use1-az2",
            "cidr_block": "10.0.11.0/24",
            "customer_owned_ipv4_pool": "",
            "enable_dns64": false,
            "enable_lni_at_device_index": 0,
            "enable_resource_name_dns_a_record_on_launch": false,
            "enable_resource_name_dns_aaaa_record_on_launch": false,
            "id": "subnet-082d049515a03167c",
            "ipv6_cidr_block": "",
            "ipv6_cidr_block_association_id": "",
            "ipv6_native": false,
            "map_customer_owned_ip_on_launch": false,
            "map_public_ip_on_launch": false,
            "outpost_arn": "",
            "owner_id": "051886849421",
            "private_dns_hostname_type_on_launch": "ip-name",
            "tags": {
              "Name": "techchallenge-private-0"
            },
            "tags_all": {
              "Name": "techchallenge-private-0"
            },
            "timeouts": null,
            "vpc_id": "vpc-0ea318b155d1f98ea"
          },
          "sensitive_attributes": [],
          "identity_schema_version": 0,
          "private": "eyJlMmJmYjczMC1lY2FhLTExZTYtOGY4OC0zNDM2M2JjN2M0YzAiOnsiY3JlYXRlIjo2MDAwMDAwMDAwMDAsImRlbGV0ZSI6MTIwMDAwMDAwMDAwMH0sInNjaGVtYV92ZXJzaW9uIjoiMSJ9",
          "dependencies": [
            "aws_vpc.main",
            "data.aws_availability_zones.available"
          ]
        },
        {
          "index_key": 1,
          "schema_version": 1,
          "attributes": {
            "arn": "arn:aws:ec2:us-east-1:051886849421:subnet/subnet-084dd0a0b9a9894c8",
            "assign_ipv6_address_on_creation": false,
            "availability_zone": "us-east-1b",
            "availability_zone_id": "use1-az4",
            "cidr_block": "10.0.12.0/24",
            "customer_owned_ipv4_pool": "",
            "enable_dns64": false,
            "enable_lni_at_device_index": 0,
            "enable_resource_name_dns_a_record_on_launch": false,
            "enable_resource_name_dns_aaaa_record_on_launch": false,
            "id": "subnet-084dd0a0b9a9894c8",
            "ipv6_cidr_block": "",
            "ipv6_cidr_block_association_id": "",
            "ipv6_native": false,
            "map_customer_owned_ip_on_launch": false,
            "map_public_ip_on_launch": false,
            "outpost_arn": "",
            "owner_id": "051886849421",
            "private_dns_hostname_type_on_launch": "ip-name",
            "tags": {
              "Name": "techchallenge-private-1"
            },
            "tags_all": {
              "Name": "techchallenge-private-1"
            },
            "timeouts": null,
            "vpc_id": "vpc-0ea318b155d1f98ea"
          },
          "sensitive_attributes": [],
          "identity_schema_version": 0,
          "private": "eyJlMmJmYjczMC1lY2FhLTExZTYtOGY4OC0zNDM2M2JjN2M0YzAiOnsiY3JlYXRlIjo2MDAwMDAwMDAwMDAsImRlbGV0ZSI6MTIwMDAwMDAwMDAwMH0sInNjaGVtYV92ZXJzaW9uIjoiMSJ9",
          "dependencies": [
            "aws_vpc.main",
            "data.aws_availability_zones.available"
          ]
        }
      ]
    },
    {
      "mode": "managed",
      "type": "aws_subnet",
      "name": "public",
      "provider": "provider[\"registry.terraform.io/hashicorp/aws\"]",
      "instances": [
        {
          "index_key": 0,
          "schema_version": 1,
          "attributes": {
            "arn": "arn:aws:ec2:us-east-1:051886849421:subnet/subnet-030af5445c7699a41",
            "assign_ipv6_address_on_creation": false,
            "availability_zone": "us-east-1a",
            "availability_zone_id": "use1-az2",
            "cidr_block": "10.0.1.0/24",
            "customer_owned_ipv4_pool": "",
            "enable_dns64": false,
            "enable_lni_at_device_index": 0,
            "enable_resource_name_dns_a_record_on_launch": false,
            "enable_resource_name_dns_aaaa_record_on_launch": false,
            "id": "subnet-030af5445c7699a41",
            "ipv6_cidr_block": "",
            "ipv6_cidr_block_association_id": "",
            "ipv6_native": false,
            "map_customer_owned_ip_on_launch": false,
            "map_public_ip_on_launch": true,
            "outpost_arn": "",
            "owner_id": "051886849421",
            "private_dns_hostname_type_on_launch": "ip-name",
            "tags": {
              "Name": "techchallenge-public-0",
              "kubernetes.io/cluster/techchallenge": "shared",
              "kubernetes.io/role/elb": "1"
            },
            "tags_all": {
              "Name": "techchallenge-public-0",
              "kubernetes.io/cluster/techchallenge": "shared",
              "kubernetes.io/role/elb": "1"
            },
            "timeouts": null,
            "vpc_id": "vpc-0ea318b155d1f98ea"
          },
          "sensitive_attributes": [],
          "identity_schema_version": 0,
          "private": "eyJlMmJmYjczMC1lY2FhLTExZTYtOGY4OC0zNDM2M2JjN2M0YzAiOnsiY3JlYXRlIjo2MDAwMDAwMDAwMDAsImRlbGV0ZSI6MTIwMDAwMDAwMDAwMH0sInNjaGVtYV92ZXJzaW9uIjoiMSJ9",
          "dependencies": [
            "aws_vpc.main",
            "data.aws_availability_zones.available"
          ]
        },
        {
          "index_key": 1,
          "schema_version": 1,
          "attributes": {
            "arn": "arn:aws:ec2:us-east-1:051886849421:subnet/subnet-01cc72d7695f3f4df",
            "assign_ipv6_address_on_creation": false,
            "availability_zone": "us-east-1b",
            "availability_zone_id": "use1-az4",
            "cidr_block": "10.0.2.0/24",
            "customer_owned_ipv4_pool": "",
            "enable_dns64": false,
            "enable_lni_at_device_index": 0,
            "enable_resource_name_dns_a_record_on_launch": false,
            "enable_resource_name_dns_aaaa_record_on_launch": false,
            "id": "subnet-01cc72d7695f3f4df",
            "ipv6_cidr_block": "",
            "ipv6_cidr_block_association_id": "",
            "ipv6_native": false,
            "map_customer_owned_ip_on_launch": false,
            "map_public_ip_on_launch": true,
            "outpost_arn": "",
            "owner_id": "051886849421",
            "private_dns_hostname_type_on_launch": "ip-name",
            "tags": {
              "Name": "techchallenge-public-1",
              "kubernetes.io/cluster/techchallenge": "shared",
              "kubernetes.io/role/elb": "1"
            },
            "tags_all": {
              "Name": "techchallenge-public-1",
              "kubernetes.io/cluster/techchallenge": "shared",
              "kubernetes.io/role/elb": "1"
            },
            "timeouts": null,
            "vpc_id": "vpc-0ea318b155d1f98ea"
          },
          "sensitive_attributes": [],
          "identity_schema_version": 0,
          "private": "eyJlMmJmYjczMC1lY2FhLTExZTYtOGY4OC0zNDM2M2JjN2M0YzAiOnsiY3JlYXRlIjo2MDAwMDAwMDAwMDAsImRlbGV0ZSI6MTIwMDAwMDAwMDAwMH0sInNjaGVtYV92ZXJzaW9uIjoiMSJ9",
          "dependencies": [
            "aws_vpc.main",
            "data.aws_availability_zones.available"
          ]
        }
      ]
    },
    {
      "mode": "managed",
      "type": "aws_vpc",
      "name": "main",
      "provider": "provider[\"registry.terraform.io/hashicorp/aws\"]",
      "instances": [
        {
          "schema_version": 1,
          "attributes": {
            "arn": "arn:aws:ec2:us-east-1:051886849421:vpc/vpc-0ea318b155d1f98ea",
            "assign_generated_ipv6_cidr_block": false,
            "cidr_block": "10.0.0.0/16",
            "default_network_acl_id": "acl-0663e7050b4613d99",
            "default_route_table_id": "rtb-0ae3857064a61a3f4",
            "default_security_group_id": "sg-0021bda26310221f6",
            "dhcp_options_id": "dopt-0fe8b66fb1c233f10",
            "enable_dns_hostnames": true,
            "enable_dns_support": true,
            "enable_network_address_usage_metrics": false,
            "id": "vpc-0ea318b155d1f98ea",
            "instance_tenancy": "default",
            "ipv4_ipam_pool_id": null,
            "ipv4_netmask_length": null,
            "ipv6_association_id": "",
            "ipv6_cidr_block": "",
            "ipv6_cidr_block_network_border_group": "",
            "ipv6_ipam_pool_id": "",
            "ipv6_netmask_length": 0,
            "main_route_table_id": "rtb-0ae3857064a61a3f4",
            "owner_id": "051886849421",
            "tags": {
              "Name": "techchallenge-vpc"
            },
            "tags_all": {
              "Name": "techchallenge-vpc"
            }
          },
          "sensitive_attributes": [],
          "identity_schema_version": 0,
          "private": "eyJzY2hlbWFfdmVyc2lvbiI6IjEifQ=="
        }
      ]
    }
  ],
  "check_results": [
    {
      "object_kind": "var",
      "config_addr": "var.db_password",
      "status": "pass",
      "objects": [
        {
          "object_addr": "var.db_password",
          "status": "pass"
        }
      ]
    }
  ]
}
