{
  "version": 4,
  "terraform_version": "1.15.5",
  "serial": 74,
  "lineage": "0f9b48e4-d144-4914-664c-09ab7c9d9dc1",
  "outputs": {
    "cluster_endpoint": {
      "value": "https://89DC393FA9F02D821680232AA0735698.gr7.us-east-1.eks.amazonaws.com",
      "type": "string"
    },
    "cluster_name": {
      "value": "techchallenge",
      "type": "string"
    },
    "database_endpoint": {
      "value": "techchallenge-sqlserver.ctwb99xc7935.us-east-1.rds.amazonaws.com:1433",
      "type": "string"
    },
    "database_username": {
      "value": "dbadmin",
      "type": "string",
      "sensitive": true
    },
    "ecr_repository_url": {
      "value": "051886849421.dkr.ecr.us-east-1.amazonaws.com/techchallenger",
      "type": "string"
    }
  },
  "resources": [
    {
      "mode": "data",
      "type": "aws_availability_zones",
      "name": "available",
      "provider": "provider[\"registry.terraform.io/hashicorp/aws\"]",
      "instances": [
        {
          "schema_version": 0,
          "attributes": {
            "all_availability_zones": null,
            "exclude_names": null,
            "exclude_zone_ids": null,
            "filter": null,
            "group_names": [
              "us-east-1-zg-1"
            ],
            "id": "us-east-1",
            "names": [
              "us-east-1a",
              "us-east-1b",
              "us-east-1c",
              "us-east-1d",
              "us-east-1e",
              "us-east-1f"
            ],
            "state": "available",
            "timeouts": null,
            "zone_ids": [
              "use1-az2",
              "use1-az4",
              "use1-az6",
              "use1-az1",
              "use1-az3",
              "use1-az5"
            ]
          },
          "sensitive_attributes": [],
          "identity_schema_version": 0
        }
      ]
    },
    {
      "mode": "data",
      "type": "aws_eks_cluster_auth",
      "name": "cluster",
      "provider": "provider[\"registry.terraform.io/hashicorp/aws\"]",
      "instances": [
        {
          "schema_version": 0,
          "attributes": {
            "id": "techchallenge",
            "name": "techchallenge",
            "token": "k8s-aws-v1.aHR0cHM6Ly9zdHMudXMtZWFzdC0xLmFtYXpvbmF3cy5jb20vP0FjdGlvbj1HZXRDYWxsZXJJZGVudGl0eSZWZXJzaW9uPTIwMTEtMDYtMTUmWC1BbXotQWxnb3JpdGhtPUFXUzQtSE1BQy1TSEEyNTYmWC1BbXotQ3JlZGVudGlhbD1BU0lBUVlGRlNQV0dZS1hWUVgyWSUyRjIwMjYwNzEyJTJGdXMtZWFzdC0xJTJGc3RzJTJGYXdzNF9yZXF1ZXN0JlgtQW16LURhdGU9MjAyNjA3MTJUMjAzNzA3WiZYLUFtei1FeHBpcmVzPTAmWC1BbXotU2VjdXJpdHktVG9rZW49SVFvSmIzSnBaMmx1WDJWakVDVWFDWFZ6TFhkbGMzUXRNaUpITUVVQ0lRQ3N2VXVoTjVHYVVVM05ydTBKZDh1ckxtaUF5cW1qalRPSkV0UFhaUFVLOFFJZ0taWnFhT3Z1UTZ2emVhdmhoRDI5a09uVFRXS2F6SnNFQmQxcU9DeExWdFVxdUFJSTd2JTJGJTJGJTJGJTJGJTJGJTJGJTJGJTJGJTJGJTJGQVJBQkdnd3dOVEU0T0RZNE5EazBNakVpRE11R3Nwb0ppTHh2M200ZkxTcU1BdklqSFJyNk9IVEducWlaZmJzdTVSM1JtM3NTVWdRSDJqQzFyMVRJeGhjJTJGdkcxZmoxaUdOdzJUTWNSYWI0bVNtNjgxV1lwWjV1REY3aG5pdmxQenU4bEQ2U1lZa05SR0E4bThjSmI1d1hIVHBycEk0JTJCRTlrYW1sTkY3VHhtTVJMUTVmQ25FRXRrOXBTaWNBRkpycCUyQmIyajJDT2FpM3ZzRTYwUHMzOW4za1J4dXFwaWRHJTJGN082ekdIam83OTElMkZNdzZXY20yJTJCWklmRzdKWFIzblp0V2J1b0VPOGNIS3UyTHRnSDdXdjA1cFdteCUyRk1LeSUyQmtTaU80MTJiaG00JTJGcXF0SFloZ3RhVjhBcVhuNkJpbyUyRkdVWE5ldWJ1RnU3VlJRUG8waVp0NSUyQmVQZlVJY1J1bTJNbzNQQnVEcmdGVHlwUm80bGY2enVQZFlLR3JYRSUyRm4yZU9jZDdYJTJGRDJaeE9hUmVFT2ZQcjg0d20lMkZMUDBnWTZuUUhhN0RtSXdEWmZ6d2t5czhKV1liQ2xpa3d0WGwlMkIya3JHNW56TjZCbjJJaG13TVpQQlRqUzZNb3g1d1dCSFpOUXNDeDYxcFJ0WWZLOVhaY25jc1Y2M093eGFmT0MlMkJEaWhoMDdldjNZM3YwJTJCNkllT092MSUyRlJaY1NQVHFlSFNIYSUyQjJFeGpGSFVrYkYzVkoxdHFBZzZpaFNVeDh0bjh1YmVLVDZzdDB1WmxzSnJRY0dEemdlVnY3Z0htZFU1OXJTT1JPaExXJTJGZG1HY0prNnVZNjRObiZYLUFtei1TaWduZWRIZWFkZXJzPWhvc3QlM0J4LWs4cy1hd3MtaWQmWC1BbXotU2lnbmF0dXJlPTVlZTNmMmVhYjdiZjJiNWFhZDA5YjFhNGNhM2RlMjgxMWJmMWU1YmM2OWFlODFlNGIxYTg5YmExM2MyMDg2NTg"
          },
          "sensitive_attributes": [
            [
              {
                "type": "get_attr",
                "value": "token"
              }
            ]
          ],
          "identity_schema_version": 0
        }
      ]
    },
    {
      "mode": "data",
      "type": "aws_iam_role",
      "name": "lab_role",
      "provider": "provider[\"registry.terraform.io/hashicorp/aws\"]",
      "instances": [
        {
          "schema_version": 0,
          "attributes": {
            "arn": "arn:aws:iam::051886849421:role/LabRole",
            "assume_role_policy": "{\"Version\":\"2012-10-17\",\"Statement\":[{\"Effect\":\"Allow\",\"Principal\":{\"AWS\":\"arn:aws:iam::051886849421:role/LabRole\",\"Service\":[\"pipes.amazonaws.com\",\"kinesis.amazonaws.com\",\"backup.amazonaws.com\",\"kinesisanalytics.amazonaws.com\",\"servicecatalog.amazonaws.com\",\"firehose.amazonaws.com\",\"events.amazonaws.com\",\"databrew.amazonaws.com\",\"deepracer.amazonaws.com\",\"dynamodb.amazonaws.com\",\"cognito-idp.amazonaws.com\",\"eks-fargate-pods.amazonaws.com\",\"rds.amazonaws.com\",\"elasticmapreduce.amazonaws.com\",\"forecast.amazonaws.com\",\"elasticfilesystem.amazonaws.com\",\"iotanalytics.amazonaws.com\",\"kms.amazonaws.com\",\"rekognition.amazonaws.com\",\"ec2.application-autoscaling.amazonaws.com\",\"lambda.amazonaws.com\",\"sns.amazonaws.com\",\"sagemaker.amazonaws.com\",\"ssm.amazonaws.com\",\"redshift.amazonaws.com\",\"apigateway.amazonaws.com\",\"s3.amazonaws.com\",\"codedeploy.amazonaws.com\",\"application-autoscaling.amazonaws.com\",\"ecs.amazonaws.com\",\"elasticloadbalancing.amazonaws.com\",\"cloudformation.amazonaws.com\",\"eks.amazonaws.com\",\"secretsmanager.amazonaws.com\",\"cloud9.amazonaws.com\",\"sqs.amazonaws.com\",\"logs.amazonaws.com\",\"cloudtrail.amazonaws.com\",\"ec2.amazonaws.com\",\"credentials.iot.amazonaws.com\",\"athena.amazonaws.com\",\"codewhisperer.amazonaws.com\",\"glue.amazonaws.com\",\"iot.amazonaws.com\",\"ecs-tasks.amazonaws.com\",\"resource-groups.amazonaws.com\",\"autoscaling.amazonaws.com\",\"batch.amazonaws.com\",\"scheduler.amazonaws.com\",\"iotevents.amazonaws.com\",\"codecommit.amazonaws.com\",\"elasticbeanstalk.amazonaws.com\",\"states.amazonaws.com\"]},\"Action\":\"sts:AssumeRole\"}]}",
            "create_date": "2026-07-04T01:44:32Z",
            "description": "",
            "id": "LabRole",
            "max_session_duration": 3600,
            "name": "LabRole",
            "path": "/",
            "permissions_boundary": "",
            "role_last_used": [
              {
                "last_used_date": "2026-07-12T20:32:54Z",
                "region": "us-east-1"
              }
            ],
            "tags": {
              "cloudlab": "c213429a5396203l15765845t1w051886849421"
            },
            "unique_id": "AROAQYFFSPWG4I4DN4FLB"
          },
          "sensitive_attributes": [],
          "identity_schema_version": 0
        }
      ]
    },
    {
      "mode": "managed",
      "type": "aws_db_instance",
      "name": "sqlserver",
      "provider": "provider[\"registry.terraform.io/hashicorp/aws\"]",
      "instances": [
        {
          "schema_version": 2,
          "attributes": {
            "address": "techchallenge-sqlserver.ctwb99xc7935.us-east-1.rds.amazonaws.com",
            "allocated_storage": 20,
            "allow_major_version_upgrade": null,
            "apply_immediately": false,
            "arn": "arn:aws:rds:us-east-1:051886849421:db:techchallenge-sqlserver",
            "auto_minor_version_upgrade": true,
            "availability_zone": "us-east-1b",
            "backup_retention_period": 7,
            "backup_target": "region",
            "backup_window": "04:55-05:25",
            "blue_green_update": [],
            "ca_cert_identifier": "rds-ca-rsa2048-g1",
            "character_set_name": "SQL_Latin1_General_CP1_CI_AS",
            "copy_tags_to_snapshot": false,
            "custom_iam_instance_profile": "",
            "customer_owned_ip_enabled": false,
            "database_insights_mode": "standard",
            "db_name": "",
            "db_subnet_group_name": "techchallenge-db-subnet-group-public",
            "dedicated_log_volume": false,
            "delete_automated_backups": true,
            "deletion_protection": false,
            "domain": "",
            "domain_auth_secret_arn": "",
            "domain_dns_ips": [],
            "domain_fqdn": "",
            "domain_iam_role_name": "",
            "domain_ou": "",
            "enabled_cloudwatch_logs_exports": [],
            "endpoint": "techchallenge-sqlserver.ctwb99xc7935.us-east-1.rds.amazonaws.com:1433",
            "engine": "sqlserver-ex",
            "engine_lifecycle_support": "",
            "engine_version": "15.00",
            "engine_version_actual": "15.00.4470.1.v1",
            "final_snapshot_identifier": null,
            "hosted_zone_id": "Z2R2ITUGPM61AM",
            "iam_database_authentication_enabled": false,
            "id": "db-GPEJRP3GD6CFWLDXWGNYF7MHFA",
            "identifier": "techchallenge-sqlserver",
            "identifier_prefix": "",
            "instance_class": "db.t3.small",
            "iops": 3000,
            "kms_key_id": "",
            "latest_restorable_time": "2026-07-12T20:28:01Z",
            "license_model": "license-included",
            "listener_endpoint": [],
            "maintenance_window": "fri:09:06-fri:09:36",
            "manage_master_user_password": null,
            "master_user_secret": [],
            "master_user_secret_kms_key_id": null,
            "max_allocated_storage": 0,
            "monitoring_interval": 0,
            "monitoring_role_arn": "",
            "multi_az": false,
            "nchar_character_set_name": "",
            "network_type": "IPV4",
            "option_group_name": "default:sqlserver-ex-15-00",
            "parameter_group_name": "default.sqlserver-ex-15.0",
            "password": "SuaSenhaForte123!",
            "password_wo": null,
            "password_wo_version": null,
            "performance_insights_enabled": false,
            "performance_insights_kms_key_id": "",
            "performance_insights_retention_period": 0,
            "port": 1433,
            "publicly_accessible": true,
            "replica_mode": "",
            "replicas": [],
            "replicate_source_db": "",
            "resource_id": "db-GPEJRP3GD6CFWLDXWGNYF7MHFA",
            "restore_to_point_in_time": [],
            "s3_import": [],
            "skip_final_snapshot": true,
            "snapshot_identifier": null,
            "status": "available",
            "storage_encrypted": false,
            "storage_throughput": 125,
            "storage_type": "gp3",
            "tags": {
              "Name": "techchallenge-sqlserver"
            },
            "tags_all": {
              "Name": "techchallenge-sqlserver"
            },
            "timeouts": null,
            "timezone": "",
            "upgrade_storage_config": null,
            "username": "dbadmin",
            "vpc_security_group_ids": [
              "sg-0cd9b0317527a2557"
            ]
          },
          "sensitive_attributes": [
            [
              {
                "type": "get_attr",
                "value": "password"
              }
            ],
            [
              {
                "type": "get_attr",
                "value": "password_wo"
              }
            ]
          ],
          "identity_schema_version": 0,
          "private": "eyJlMmJmYjczMC1lY2FhLTExZTYtOGY4OC0zNDM2M2JjN2M0YzAiOnsiY3JlYXRlIjozMDAwMDAwMDAwMDAwLCJkZWxldGUiOjM2MDAwMDAwMDAwMDAsInVwZGF0ZSI6NDgwMDAwMDAwMDAwMH0sInNjaGVtYV92ZXJzaW9uIjoiMiJ9",
          "dependencies": [
            "aws_db_subnet_group.sqlserver_public",
            "aws_security_group.eks_nodes",
            "aws_security_group.sqlserver",
            "aws_subnet.public",
            "aws_vpc.main",
            "data.aws_availability_zones.available"
          ]
        }
      ]
    },
    {
      "mode": "managed",
      "type": "aws_db_subnet_group",
      "name": "sqlserver",
      "provider": "provider[\"registry.terraform.io/hashicorp/aws\"]",
      "instances": [
        {
          "schema_version": 0,
          "attributes": {
            "arn": "arn:aws:rds:us-east-1:051886849421:subgrp:techchallenge-db-subnet-group",
            "description": "Managed by Terraform",
            "id": "techchallenge-db-subnet-group",
            "name": "techchallenge-db-subnet-group",
            "name_prefix": "",
            "subnet_ids": [
              "subnet-0801f441dda03adda",
              "subnet-091c1ae5fb0acb68a"
            ],
            "supported_network_types": [
              "IPV4"
            ],
            "tags": {
              "Name": "techchallenge-db-subnet-group"
            },
            "tags_all": {
              "Name": "techchallenge-db-subnet-group"
            },
            "vpc_id": "vpc-07a71675be26f37a9"
          },
          "sensitive_attributes": [],
          "identity_schema_version": 0,
          "private": "bnVsbA==",
          "dependencies": [
            "aws_subnet.private",
            "aws_vpc.main",
            "data.aws_availability_zones.available"
          ]
        }
      ]
    },
    {
      "mode": "managed",
      "type": "aws_db_subnet_group",
      "name": "sqlserver_public",
      "provider": "provider[\"registry.terraform.io/hashicorp/aws\"]",
      "instances": [
        {
          "schema_version": 0,
          "attributes": {
            "arn": "arn:aws:rds:us-east-1:051886849421:subgrp:techchallenge-db-subnet-group-public",
            "description": "Managed by Terraform",
            "id": "techchallenge-db-subnet-group-public",
            "name": "techchallenge-db-subnet-group-public",
            "name_prefix": "",
            "subnet_ids": [
              "subnet-07a5ff5b11975b2aa",
              "subnet-096efc252ec09d820"
            ],
            "supported_network_types": [
              "IPV4"
            ],
            "tags": {
              "Name": "techchallenge-db-subnet-group-public"
            },
            "tags_all": {
              "Name": "techchallenge-db-subnet-group-public"
            },
            "vpc_id": "vpc-07a71675be26f37a9"
          },
          "sensitive_attributes": [],
          "identity_schema_version": 0,
          "private": "bnVsbA==",
          "dependencies": [
            "aws_subnet.public",
            "aws_vpc.main",
            "data.aws_availability_zones.available"
          ]
        }
      ]
    },
    {
      "mode": "managed",
      "type": "aws_ecr_lifecycle_policy",
      "name": "app",
      "provider": "provider[\"registry.terraform.io/hashicorp/aws\"]",
      "instances": [
        {
          "schema_version": 0,
          "attributes": {
            "id": "techchallenger",
            "policy": "{\"rules\":[{\"action\":{\"type\":\"expire\"},\"description\":\"Manter apenas as 10 imagens mais recentes\",\"rulePriority\":1,\"selection\":{\"countNumber\":10,\"countType\":\"imageCountMoreThan\",\"tagStatus\":\"any\"}}]}",
            "registry_id": "051886849421",
            "repository": "techchallenger"
          },
          "sensitive_attributes": [],
          "identity_schema_version": 0,
          "private": "bnVsbA==",
          "dependencies": [
            "aws_ecr_repository.app"
          ]
        }
      ]
    },
    {
      "mode": "managed",
      "type": "aws_ecr_repository",
      "name": "app",
      "provider": "provider[\"registry.terraform.io/hashicorp/aws\"]",
      "instances": [
        {
          "schema_version": 0,
          "attributes": {
            "arn": "arn:aws:ecr:us-east-1:051886849421:repository/techchallenger",
            "encryption_configuration": [
              {
                "encryption_type": "AES256",
                "kms_key": ""
              }
            ],
            "force_delete": true,
            "id": "techchallenger",
            "image_scanning_configuration": [
              {
                "scan_on_push": true
              }
            ],
            "image_tag_mutability": "MUTABLE",
            "name": "techchallenger",
            "registry_id": "051886849421",
            "repository_url": "051886849421.dkr.ecr.us-east-1.amazonaws.com/techchallenger",
            "tags": {
              "Name": "techchallenge-ecr"
            },
            "tags_all": {
              "Name": "techchallenge-ecr"
            },
            "timeouts": null
          },
          "sensitive_attributes": [],
          "identity_schema_version": 0,
          "private": "eyJlMmJmYjczMC1lY2FhLTExZTYtOGY4OC0zNDM2M2JjN2M0YzAiOnsiZGVsZXRlIjoxMjAwMDAwMDAwMDAwfX0="
        }
      ]
    },
    {
      "mode": "managed",
      "type": "aws_eks_cluster",
      "name": "cluster",
      "provider": "provider[\"registry.terraform.io/hashicorp/aws\"]",
      "instances": [
        {
          "schema_version": 1,
          "attributes": {
            "access_config": [
              {
                "authentication_mode": "CONFIG_MAP",
                "bootstrap_cluster_creator_admin_permissions": true
              }
            ],
            "arn": "arn:aws:eks:us-east-1:051886849421:cluster/techchallenge",
            "bootstrap_self_managed_addons": true,
            "certificate_authority": [
              {
                "data": "LS0tLS1CRUdJTiBDRVJUSUZJQ0FURS0tLS0tCk1JSURCVENDQWUyZ0F3SUJBZ0lJRWlpQmM3OW1ROE13RFFZSktvWklodmNOQVFFTEJRQXdGVEVUTUJFR0ExVUUKQXhNS2EzVmlaWEp1WlhSbGN6QWVGdzB5TmpBM01USXhORFE1TURoYUZ3MHpOakEzTURreE5EVTBNRGhhTUJVeApFekFSQmdOVkJBTVRDbXQxWW1WeWJtVjBaWE13Z2dFaU1BMEdDU3FHU0liM0RRRUJBUVVBQTRJQkR3QXdnZ0VLCkFvSUJBUUN2blJwcjlWZWJxMEtnbWtKdkw0QmlKTXBJdUU0TStpYXhpTS8vd2hXV1N1U3NMejduM0NBeXJtdEIKMWpRTzRPZG5iZ3VoOXp0SlpSYWQyMGRIWlZERURtSlZMY2R3MDFXUWlNYUFZd1hSellqaEY4azhJVDg0bW96MwpQYkhFREoxVVVlNHRlOW1oQnNhb0oyVzhTaSs1K2NJd3RSU25jd1E5OElNSEg2dEdmbWNxcGxTRVoyVVlERnBuClBtVGFIQXo0WnRjK1JYUmZHZEJxOWtMZnZGb0lmNEJhZ1FCOTBldThTWFlHQXVJSVRRdzBwenplUzIxSS9Hd0MKc3F3V1BBVTVkMnBRb094djBXOGdHdnN2eTM2Vnp1RU5uUExEY3ZGelBOUVRkVVJmWVZwOElCN1NCOXo3Qkw3agpkZG84d0tiR0dDajBsTjJnSDdveXNZWlVtM2NEQWdNQkFBR2pXVEJYTUE0R0ExVWREd0VCL3dRRUF3SUNwREFQCkJnTlZIUk1CQWY4RUJUQURBUUgvTUIwR0ExVWREZ1FXQkJRY0NKNEtieFdBWFp0TitvTXJuNVlLb3dBM0VUQVYKQmdOVkhSRUVEakFNZ2dwcmRXSmxjbTVsZEdWek1BMEdDU3FHU0liM0RRRUJDd1VBQTRJQkFRQXp0K08yWUZLcApGTjNiWHF6SFhnT2lnb0c0dDVhZUlKVW1YRWo5a3g3Tk15b3Z3clIvWXBUTHYvdHlLU2xMdENaS2tqaUJrN1lNCk9Md0NGaHZ6QXBQUkdBZXpZN2c4MUFNeExaUVVGOWRZSWVRbnBRaytKTGhIVHUxVG9QSDdTVTZ4eStIR0orMS8KdzJDOFZrczBoR2Njd2J3aTBtOXZES2JuYzJNV1llNlMyWHQ2V1F1aURaQktWSHluZ09ZT2p4ZWRUdWplKzdmMgo2TFc3ZTA1eGVhUDQ2TmprSmhpMVQ4ZU5Tck5Jcnh4THNqa3ZnWFRYNkJYM2o2ODVaNlNmZjcxblFHTFhsL3k3CjBnWGs3QTBCREtXS0h2MmFmdTVKcHo2dkJZWllPUDQvOHp5aWJpWE9BeW56TDg3czVub1JodFZSRmtUZ3NWRDgKbFBtNENxYjZBOGVtCi0tLS0tRU5EIENFUlRJRklDQVRFLS0tLS0K"
              }
            ],
            "cluster_id": null,
            "compute_config": [],
            "created_at": "2026-07-12T14:47:19Z",
            "enabled_cluster_log_types": [],
            "encryption_config": [],
            "endpoint": "https://89DC393FA9F02D821680232AA0735698.gr7.us-east-1.eks.amazonaws.com",
            "force_update_version": null,
            "id": "techchallenge",
            "identity": [
              {
                "oidc": [
                  {
                    "issuer": "https://oidc.eks.us-east-1.amazonaws.com/id/89DC393FA9F02D821680232AA0735698"
                  }
                ]
              }
            ],
            "kubernetes_network_config": [
              {
                "elastic_load_balancing": [
                  {
                    "enabled": false
                  }
                ],
                "ip_family": "ipv4",
                "service_ipv4_cidr": "172.20.0.0/16",
                "service_ipv6_cidr": ""
              }
            ],
            "name": "techchallenge",
            "outpost_config": [],
            "platform_version": "eks.73",
            "remote_network_config": [],
            "role_arn": "arn:aws:iam::051886849421:role/LabRole",
            "status": "ACTIVE",
            "storage_config": [],
            "tags": {
              "Name": "techchallenge"
            },
            "tags_all": {
              "Name": "techchallenge"
            },
            "timeouts": null,
            "upgrade_policy": [
              {
                "support_type": "EXTENDED"
              }
            ],
            "version": "1.30",
            "vpc_config": [
              {
                "cluster_security_group_id": "sg-0d11683eb8b6aa781",
                "endpoint_private_access": false,
                "endpoint_public_access": true,
                "public_access_cidrs": [
                  "0.0.0.0/0"
                ],
                "security_group_ids": [
                  "sg-0d64de0e1b6b2222a"
                ],
                "subnet_ids": [
                  "subnet-07a5ff5b11975b2aa",
                  "subnet-096efc252ec09d820"
                ],
                "vpc_id": "vpc-07a71675be26f37a9"
              }
            ],
            "zonal_shift_config": []
          },
          "sensitive_attributes": [],
          "identity_schema_version": 0,
          "private": "eyJlMmJmYjczMC1lY2FhLTExZTYtOGY4OC0zNDM2M2JjN2M0YzAiOnsiY3JlYXRlIjoxODAwMDAwMDAwMDAwLCJkZWxldGUiOjkwMDAwMDAwMDAwMCwidXBkYXRlIjozNjAwMDAwMDAwMDAwfSwic2NoZW1hX3ZlcnNpb24iOiIxIn0=",
          "dependencies": [
            "aws_security_group.eks_nodes",
            "aws_subnet.public",
            "aws_vpc.main",
            "data.aws_availability_zones.available",
            "data.aws_iam_role.lab_role"
          ]
        }
      ]
    },
    {
      "mode": "managed",
      "type": "aws_eks_node_group",
      "name": "nodes",
      "provider": "provider[\"registry.terraform.io/hashicorp/aws\"]",
      "instances": [
        {
          "schema_version": 0,
          "attributes": {
            "ami_type": "AL2023_x86_64_STANDARD",
            "arn": "arn:aws:eks:us-east-1:051886849421:nodegroup/techchallenge/techchallenge-nodes/0acfab6a-46bd-0753-8592-99a79588ce48",
            "capacity_type": "ON_DEMAND",
            "cluster_name": "techchallenge",
            "disk_size": 20,
            "force_update_version": null,
            "id": "techchallenge:techchallenge-nodes",
            "instance_types": [
              "t3.medium"
            ],
            "labels": {},
            "launch_template": [],
            "node_group_name": "techchallenge-nodes",
            "node_group_name_prefix": "",
            "node_repair_config": [],
            "node_role_arn": "arn:aws:iam::051886849421:role/LabRole",
            "release_version": "1.30.14-20260709",
            "remote_access": [],
            "resources": [
              {
                "autoscaling_groups": [
                  {
                    "name": "eks-techchallenge-nodes-0acfab6a-46bd-0753-8592-99a79588ce48"
                  }
                ],
                "remote_access_security_group_id": ""
              }
            ],
            "scaling_config": [
              {
                "desired_size": 2,
                "max_size": 2,
                "min_size": 1
              }
            ],
            "status": "ACTIVE",
            "subnet_ids": [
              "subnet-07a5ff5b11975b2aa",
              "subnet-096efc252ec09d820"
            ],
            "tags": {
              "Name": "techchallenge-nodes"
            },
            "tags_all": {
              "Name": "techchallenge-nodes"
            },
            "taint": [],
            "timeouts": null,
            "update_config": [
              {
                "max_unavailable": 1,
                "max_unavailable_percentage": 0
              }
            ],
            "version": "1.30"
          },
          "sensitive_attributes": [],
          "identity_schema_version": 0,
          "private": "eyJlMmJmYjczMC1lY2FhLTExZTYtOGY4OC0zNDM2M2JjN2M0YzAiOnsiY3JlYXRlIjozNjAwMDAwMDAwMDAwLCJkZWxldGUiOjM2MDAwMDAwMDAwMDAsInVwZGF0ZSI6MzYwMDAwMDAwMDAwMH19",
          "dependencies": [
            "aws_eks_cluster.cluster",
            "aws_security_group.eks_nodes",
            "aws_subnet.public",
            "aws_vpc.main",
            "data.aws_availability_zones.available",
            "data.aws_iam_role.lab_role"
          ]
        }
      ]
    },
    {
      "mode": "managed",
      "type": "aws_internet_gateway",
      "name": "main",
      "provider": "provider[\"registry.terraform.io/hashicorp/aws\"]",
      "instances": [
        {
          "schema_version": 0,
          "attributes": {
            "arn": "arn:aws:ec2:us-east-1:051886849421:internet-gateway/igw-0bebdf0d55f0a621e",
            "id": "igw-0bebdf0d55f0a621e",
            "owner_id": "051886849421",
            "tags": {
              "Name": "techchallenge-igw"
            },
            "tags_all": {
              "Name": "techchallenge-igw"
            },
            "timeouts": null,
            "vpc_id": "vpc-07a71675be26f37a9"
          },
          "sensitive_attributes": [],
          "identity_schema_version": 0,
          "private": "eyJlMmJmYjczMC1lY2FhLTExZTYtOGY4OC0zNDM2M2JjN2M0YzAiOnsiY3JlYXRlIjoxMjAwMDAwMDAwMDAwLCJkZWxldGUiOjEyMDAwMDAwMDAwMDAsInVwZGF0ZSI6MTIwMDAwMDAwMDAwMH19",
          "dependencies": [
            "aws_vpc.main"
          ]
        }
      ]
    },
    {
      "mode": "managed",
      "type": "aws_route_table",
      "name": "public",
      "provider": "provider[\"registry.terraform.io/hashicorp/aws\"]",
      "instances": [
        {
          "schema_version": 0,
          "attributes": {
            "arn": "arn:aws:ec2:us-east-1:051886849421:route-table/rtb-05582d2bbb6f34a14",
            "id": "rtb-05582d2bbb6f34a14",
            "owner_id": "051886849421",
            "propagating_vgws": [],
            "route": [
              {
                "carrier_gateway_id": "",
                "cidr_block": "0.0.0.0/0",
                "core_network_arn": "",
                "destination_prefix_list_id": "",
                "egress_only_gateway_id": "",
                "gateway_id": "igw-0bebdf0d55f0a621e",
                "ipv6_cidr_block": "",
                "local_gateway_id": "",
                "nat_gateway_id": "",
                "network_interface_id": "",
                "transit_gateway_id": "",
                "vpc_endpoint_id": "",
                "vpc_peering_connection_id": ""
              }
            ],
            "tags": {
              "Name": "techchallenge-public-rt"
            },
            "tags_all": {
              "Name": "techchallenge-public-rt"
            },
            "timeouts": null,
            "vpc_id": "vpc-07a71675be26f37a9"
          },
          "sensitive_attributes": [],
          "identity_schema_version": 0,
          "private": "eyJlMmJmYjczMC1lY2FhLTExZTYtOGY4OC0zNDM2M2JjN2M0YzAiOnsiY3JlYXRlIjozMDAwMDAwMDAwMDAsImRlbGV0ZSI6MzAwMDAwMDAwMDAwLCJ1cGRhdGUiOjEyMDAwMDAwMDAwMH19",
          "dependencies": [
            "aws_internet_gateway.main",
            "aws_vpc.main"
          ]
        }
      ]
    },
    {
      "mode": "managed",
      "type": "aws_route_table_association",
      "name": "public",
      "provider": "provider[\"registry.terraform.io/hashicorp/aws\"]",
      "instances": [
        {
          "index_key": 0,
          "schema_version": 0,
          "attributes": {
            "gateway_id": "",
            "id": "rtbassoc-004313b03fb618a5b",
            "route_table_id": "rtb-05582d2bbb6f34a14",
            "subnet_id": "subnet-096efc252ec09d820",
            "timeouts": null
          },
          "sensitive_attributes": [],
          "identity_schema_version": 0,
          "private": "eyJlMmJmYjczMC1lY2FhLTExZTYtOGY4OC0zNDM2M2JjN2M0YzAiOnsiY3JlYXRlIjozMDAwMDAwMDAwMDAsImRlbGV0ZSI6MzAwMDAwMDAwMDAwLCJ1cGRhdGUiOjEyMDAwMDAwMDAwMH19",
          "dependencies": [
            "aws_internet_gateway.main",
            "aws_route_table.public",
            "aws_subnet.public",
            "aws_vpc.main",
            "data.aws_availability_zones.available"
          ]
        },
        {
          "index_key": 1,
          "schema_version": 0,
          "attributes": {
            "gateway_id": "",
            "id": "rtbassoc-08440cff84f2cf33d",
            "route_table_id": "rtb-05582d2bbb6f34a14",
            "subnet_id": "subnet-07a5ff5b11975b2aa",
            "timeouts": null
          },
          "sensitive_attributes": [],
          "identity_schema_version": 0,
          "private": "eyJlMmJmYjczMC1lY2FhLTExZTYtOGY4OC0zNDM2M2JjN2M0YzAiOnsiY3JlYXRlIjozMDAwMDAwMDAwMDAsImRlbGV0ZSI6MzAwMDAwMDAwMDAwLCJ1cGRhdGUiOjEyMDAwMDAwMDAwMH19",
          "dependencies": [
            "aws_internet_gateway.main",
            "aws_route_table.public",
            "aws_subnet.public",
            "aws_vpc.main",
            "data.aws_availability_zones.available"
          ]
        }
      ]
    },
    {
      "mode": "managed",
      "type": "aws_security_group",
      "name": "eks_nodes",
      "provider": "provider[\"registry.terraform.io/hashicorp/aws\"]",
      "instances": [
        {
          "schema_version": 1,
          "attributes": {
            "arn": "arn:aws:ec2:us-east-1:051886849421:security-group/sg-0d64de0e1b6b2222a",
            "description": "Managed by Terraform",
            "egress": [
              {
                "cidr_blocks": [
                  "0.0.0.0/0"
                ],
                "description": "",
                "from_port": 0,
                "ipv6_cidr_blocks": [],
                "prefix_list_ids": [],
                "protocol": "-1",
                "security_groups": [],
                "self": false,
                "to_port": 0
              }
            ],
            "id": "sg-0d64de0e1b6b2222a",
            "ingress": [],
            "name": "techchallenge-eks-nodes-20260712143047954900000001",
            "name_prefix": "techchallenge-eks-nodes-",
            "owner_id": "051886849421",
            "revoke_rules_on_delete": false,
            "tags": {
              "Name": "techchallenge-eks-nodes-sg"
            },
            "tags_all": {
              "Name": "techchallenge-eks-nodes-sg"
            },
            "timeouts": null,
            "vpc_id": "vpc-07a71675be26f37a9"
          },
          "sensitive_attributes": [],
          "identity_schema_version": 0,
          "private": "eyJlMmJmYjczMC1lY2FhLTExZTYtOGY4OC0zNDM2M2JjN2M0YzAiOnsiY3JlYXRlIjo2MDAwMDAwMDAwMDAsImRlbGV0ZSI6OTAwMDAwMDAwMDAwfSwic2NoZW1hX3ZlcnNpb24iOiIxIn0=",
          "dependencies": [
            "aws_vpc.main"
          ]
        }
      ]
    },
    {
      "mode": "managed",
      "type": "aws_security_group",
      "name": "sqlserver",
      "provider": "provider[\"registry.terraform.io/hashicorp/aws\"]",
      "instances": [
        {
          "schema_version": 1,
          "attributes": {
            "arn": "arn:aws:ec2:us-east-1:051886849421:security-group/sg-0cd9b0317527a2557",
            "description": "Managed by Terraform",
            "egress": [
              {
                "cidr_blocks": [
                  "0.0.0.0/0"
                ],
                "description": "",
                "from_port": 0,
                "ipv6_cidr_blocks": [],
                "prefix_list_ids": [],
                "protocol": "-1",
                "security_groups": [],
                "self": false,
                "to_port": 0
              }
            ],
            "id": "sg-0cd9b0317527a2557",
            "ingress": [
              {
                "cidr_blocks": [
                  "179.111.170.52/32"
                ],
                "description": "Acesso temporario via SSMS",
                "from_port": 1433,
                "ipv6_cidr_blocks": [],
                "prefix_list_ids": [],
                "protocol": "tcp",
                "security_groups": [],
                "self": false,
                "to_port": 1433
              },
              {
                "cidr_blocks": [],
                "description": "SQL Server access from EKS nodes",
                "from_port": 1433,
                "ipv6_cidr_blocks": [],
                "prefix_list_ids": [],
                "protocol": "tcp",
                "security_groups": [
                  "sg-0d64de0e1b6b2222a"
                ],
                "self": false,
                "to_port": 1433
              }
            ],
            "name": "techchallenge-sqlserver-20260712143051355800000003",
            "name_prefix": "techchallenge-sqlserver-",
            "owner_id": "051886849421",
            "revoke_rules_on_delete": false,
            "tags": {
              "Name": "techchallenge-sqlserver-sg"
            },
            "tags_all": {
              "Name": "techchallenge-sqlserver-sg"
            },
            "timeouts": null,
            "vpc_id": "vpc-07a71675be26f37a9"
          },
          "sensitive_attributes": [],
          "identity_schema_version": 0,
          "private": "eyJlMmJmYjczMC1lY2FhLTExZTYtOGY4OC0zNDM2M2JjN2M0YzAiOnsiY3JlYXRlIjo2MDAwMDAwMDAwMDAsImRlbGV0ZSI6OTAwMDAwMDAwMDAwfSwic2NoZW1hX3ZlcnNpb24iOiIxIn0=",
          "dependencies": [
            "aws_security_group.eks_nodes",
            "aws_vpc.main"
          ]
        }
      ]
    },
    {
      "mode": "managed",
      "type": "aws_subnet",
      "name": "private",
      "provider": "provider[\"registry.terraform.io/hashicorp/aws\"]",
      "instances": [
        {
          "index_key": 0,
          "schema_version": 1,
          "attributes": {
            "arn": "arn:aws:ec2:us-east-1:051886849421:subnet/subnet-091c1ae5fb0acb68a",
            "assign_ipv6_address_on_creation": false,
            "availability_zone": "us-east-1a",
            "availability_zone_id": "use1-az2",
            "cidr_block": "10.0.11.0/24",
            "customer_owned_ipv4_pool": "",
            "enable_dns64": false,
            "enable_lni_at_device_index": 0,
            "enable_resource_name_dns_a_record_on_launch": false,
            "enable_resource_name_dns_aaaa_record_on_launch": false,
            "id": "subnet-091c1ae5fb0acb68a",
            "ipv6_cidr_block": "",
            "ipv6_cidr_block_association_id": "",
            "ipv6_native": false,
            "map_customer_owned_ip_on_launch": false,
            "map_public_ip_on_launch": false,
            "outpost_arn": "",
            "owner_id": "051886849421",
            "private_dns_hostname_type_on_launch": "ip-name",
            "tags": {
              "Name": "techchallenge-private-0"
            },
            "tags_all": {
              "Name": "techchallenge-private-0"
            },
            "timeouts": null,
            "vpc_id": "vpc-07a71675be26f37a9"
          },
          "sensitive_attributes": [],
          "identity_schema_version": 0,
          "private": "eyJlMmJmYjczMC1lY2FhLTExZTYtOGY4OC0zNDM2M2JjN2M0YzAiOnsiY3JlYXRlIjo2MDAwMDAwMDAwMDAsImRlbGV0ZSI6MTIwMDAwMDAwMDAwMH0sInNjaGVtYV92ZXJzaW9uIjoiMSJ9",
          "dependencies": [
            "aws_vpc.main",
            "data.aws_availability_zones.available"
          ]
        },
        {
          "index_key": 1,
          "schema_version": 1,
          "attributes": {
            "arn": "arn:aws:ec2:us-east-1:051886849421:subnet/subnet-0801f441dda03adda",
            "assign_ipv6_address_on_creation": false,
            "availability_zone": "us-east-1b",
            "availability_zone_id": "use1-az4",
            "cidr_block": "10.0.12.0/24",
            "customer_owned_ipv4_pool": "",
            "enable_dns64": false,
            "enable_lni_at_device_index": 0,
            "enable_resource_name_dns_a_record_on_launch": false,
            "enable_resource_name_dns_aaaa_record_on_launch": false,
            "id": "subnet-0801f441dda03adda",
            "ipv6_cidr_block": "",
            "ipv6_cidr_block_association_id": "",
            "ipv6_native": false,
            "map_customer_owned_ip_on_launch": false,
            "map_public_ip_on_launch": false,
            "outpost_arn": "",
            "owner_id": "051886849421",
            "private_dns_hostname_type_on_launch": "ip-name",
            "tags": {
              "Name": "techchallenge-private-1"
            },
            "tags_all": {
              "Name": "techchallenge-private-1"
            },
            "timeouts": null,
            "vpc_id": "vpc-07a71675be26f37a9"
          },
          "sensitive_attributes": [],
          "identity_schema_version": 0,
          "private": "eyJlMmJmYjczMC1lY2FhLTExZTYtOGY4OC0zNDM2M2JjN2M0YzAiOnsiY3JlYXRlIjo2MDAwMDAwMDAwMDAsImRlbGV0ZSI6MTIwMDAwMDAwMDAwMH0sInNjaGVtYV92ZXJzaW9uIjoiMSJ9",
          "dependencies": [
            "aws_vpc.main",
            "data.aws_availability_zones.available"
          ]
        }
      ]
    },
    {
      "mode": "managed",
      "type": "aws_subnet",
      "name": "public",
      "provider": "provider[\"registry.terraform.io/hashicorp/aws\"]",
      "instances": [
        {
          "index_key": 0,
          "schema_version": 1,
          "attributes": {
            "arn": "arn:aws:ec2:us-east-1:051886849421:subnet/subnet-096efc252ec09d820",
            "assign_ipv6_address_on_creation": false,
            "availability_zone": "us-east-1a",
            "availability_zone_id": "use1-az2",
            "cidr_block": "10.0.1.0/24",
            "customer_owned_ipv4_pool": "",
            "enable_dns64": false,
            "enable_lni_at_device_index": 0,
            "enable_resource_name_dns_a_record_on_launch": false,
            "enable_resource_name_dns_aaaa_record_on_launch": false,
            "id": "subnet-096efc252ec09d820",
            "ipv6_cidr_block": "",
            "ipv6_cidr_block_association_id": "",
            "ipv6_native": false,
            "map_customer_owned_ip_on_launch": false,
            "map_public_ip_on_launch": true,
            "outpost_arn": "",
            "owner_id": "051886849421",
            "private_dns_hostname_type_on_launch": "ip-name",
            "tags": {
              "Name": "techchallenge-public-0",
              "kubernetes.io/cluster/techchallenge": "shared",
              "kubernetes.io/role/elb": "1"
            },
            "tags_all": {
              "Name": "techchallenge-public-0",
              "kubernetes.io/cluster/techchallenge": "shared",
              "kubernetes.io/role/elb": "1"
            },
            "timeouts": null,
            "vpc_id": "vpc-07a71675be26f37a9"
          },
          "sensitive_attributes": [],
          "identity_schema_version": 0,
          "private": "eyJlMmJmYjczMC1lY2FhLTExZTYtOGY4OC0zNDM2M2JjN2M0YzAiOnsiY3JlYXRlIjo2MDAwMDAwMDAwMDAsImRlbGV0ZSI6MTIwMDAwMDAwMDAwMH0sInNjaGVtYV92ZXJzaW9uIjoiMSJ9",
          "dependencies": [
            "aws_vpc.main",
            "data.aws_availability_zones.available"
          ]
        },
        {
          "index_key": 1,
          "schema_version": 1,
          "attributes": {
            "arn": "arn:aws:ec2:us-east-1:051886849421:subnet/subnet-07a5ff5b11975b2aa",
            "assign_ipv6_address_on_creation": false,
            "availability_zone": "us-east-1b",
            "availability_zone_id": "use1-az4",
            "cidr_block": "10.0.2.0/24",
            "customer_owned_ipv4_pool": "",
            "enable_dns64": false,
            "enable_lni_at_device_index": 0,
            "enable_resource_name_dns_a_record_on_launch": false,
            "enable_resource_name_dns_aaaa_record_on_launch": false,
            "id": "subnet-07a5ff5b11975b2aa",
            "ipv6_cidr_block": "",
            "ipv6_cidr_block_association_id": "",
            "ipv6_native": false,
            "map_customer_owned_ip_on_launch": false,
            "map_public_ip_on_launch": true,
            "outpost_arn": "",
            "owner_id": "051886849421",
            "private_dns_hostname_type_on_launch": "ip-name",
            "tags": {
              "Name": "techchallenge-public-1",
              "kubernetes.io/cluster/techchallenge": "shared",
              "kubernetes.io/role/elb": "1"
            },
            "tags_all": {
              "Name": "techchallenge-public-1",
              "kubernetes.io/cluster/techchallenge": "shared",
              "kubernetes.io/role/elb": "1"
            },
            "timeouts": null,
            "vpc_id": "vpc-07a71675be26f37a9"
          },
          "sensitive_attributes": [],
          "identity_schema_version": 0,
          "private": "eyJlMmJmYjczMC1lY2FhLTExZTYtOGY4OC0zNDM2M2JjN2M0YzAiOnsiY3JlYXRlIjo2MDAwMDAwMDAwMDAsImRlbGV0ZSI6MTIwMDAwMDAwMDAwMH0sInNjaGVtYV92ZXJzaW9uIjoiMSJ9",
          "dependencies": [
            "aws_vpc.main",
            "data.aws_availability_zones.available"
          ]
        }
      ]
    },
    {
      "mode": "managed",
      "type": "aws_vpc",
      "name": "main",
      "provider": "provider[\"registry.terraform.io/hashicorp/aws\"]",
      "instances": [
        {
          "schema_version": 1,
          "attributes": {
            "arn": "arn:aws:ec2:us-east-1:051886849421:vpc/vpc-07a71675be26f37a9",
            "assign_generated_ipv6_cidr_block": false,
            "cidr_block": "10.0.0.0/16",
            "default_network_acl_id": "acl-04109c4e0e088f96d",
            "default_route_table_id": "rtb-0f12261ae3fc55c6d",
            "default_security_group_id": "sg-00c16be90f875a85b",
            "dhcp_options_id": "dopt-0fe8b66fb1c233f10",
            "enable_dns_hostnames": true,
            "enable_dns_support": true,
            "enable_network_address_usage_metrics": false,
            "id": "vpc-07a71675be26f37a9",
            "instance_tenancy": "default",
            "ipv4_ipam_pool_id": null,
            "ipv4_netmask_length": null,
            "ipv6_association_id": "",
            "ipv6_cidr_block": "",
            "ipv6_cidr_block_network_border_group": "",
            "ipv6_ipam_pool_id": "",
            "ipv6_netmask_length": 0,
            "main_route_table_id": "rtb-0f12261ae3fc55c6d",
            "owner_id": "051886849421",
            "tags": {
              "Name": "techchallenge-vpc"
            },
            "tags_all": {
              "Name": "techchallenge-vpc"
            }
          },
          "sensitive_attributes": [],
          "identity_schema_version": 0,
          "private": "eyJzY2hlbWFfdmVyc2lvbiI6IjEifQ=="
        }
      ]
    },
    {
      "mode": "managed",
      "type": "helm_release",
      "name": "metrics_server",
      "provider": "provider[\"registry.terraform.io/hashicorp/helm\"]",
      "instances": [
        {
          "schema_version": 1,
          "attributes": {
            "atomic": false,
            "chart": "metrics-server",
            "cleanup_on_fail": false,
            "create_namespace": false,
            "dependency_update": false,
            "description": null,
            "devel": null,
            "disable_crd_hooks": false,
            "disable_openapi_validation": false,
            "disable_webhooks": false,
            "force_update": false,
            "id": "metrics-server",
            "keyring": null,
            "lint": false,
            "manifest": null,
            "max_history": 0,
            "metadata": [
              {
                "app_version": "0.8.1",
                "chart": "metrics-server",
                "first_deployed": 1783868308,
                "last_deployed": 1783868308,
                "name": "metrics-server",
                "namespace": "kube-system",
                "notes": "***********************************************************************\n* Metrics Server                                                      *\n***********************************************************************\n  Chart version: 3.13.1\n  App version:   0.8.1\n  Image tag:     registry.k8s.io/metrics-server/metrics-server:v0.8.1\n***********************************************************************\n",
                "revision": 1,
                "values": "{\"args\":[\"--kubelet-insecure-tls\"]}",
                "version": "3.13.1"
              }
            ],
            "name": "metrics-server",
            "namespace": "kube-system",
            "pass_credentials": false,
            "postrender": [],
            "recreate_pods": false,
            "render_subchart_notes": true,
            "replace": false,
            "repository": "https://kubernetes-sigs.github.io/metrics-server/",
            "repository_ca_file": null,
            "repository_cert_file": null,
            "repository_key_file": null,
            "repository_password": null,
            "repository_username": null,
            "reset_values": false,
            "reuse_values": false,
            "set": [
              {
                "name": "args[0]",
                "type": "",
                "value": "--kubelet-insecure-tls"
              }
            ],
            "set_list": [],
            "set_sensitive": [],
            "skip_crds": false,
            "status": "deployed",
            "timeout": 300,
            "upgrade_install": null,
            "values": null,
            "verify": false,
            "version": "3.13.1",
            "wait": true,
            "wait_for_jobs": false
          },
          "sensitive_attributes": [
            [
              {
                "type": "get_attr",
                "value": "repository_password"
              }
            ]
          ],
          "identity_schema_version": 0,
          "private": "eyJzY2hlbWFfdmVyc2lvbiI6IjEifQ==",
          "dependencies": [
            "aws_eks_cluster.cluster",
            "aws_eks_node_group.nodes",
            "aws_security_group.eks_nodes",
            "aws_subnet.public",
            "aws_vpc.main",
            "data.aws_availability_zones.available",
            "data.aws_eks_cluster_auth.cluster",
            "data.aws_iam_role.lab_role"
          ]
        }
      ]
    }
  ],
  "check_results": [
    {
      "object_kind": "var",
      "config_addr": "var.db_password",
      "status": "pass",
      "objects": [
        {
          "object_addr": "var.db_password",
          "status": "pass"
        }
      ]
    }
  ]
}
